
Microsoft Visual Studio Solution File, Format Version 12.00
# Visual Studio Version 17
VisualStudioVersion = 17.4.33205.214
MinimumVisualStudioVersion = 10.0.40219.1
Project("{9A19103F-16F7-4668-BE54-9A1E7A4F7556}") = "DislocationCounterWinForms", "DislocationCounterWinForms\DislocationCounterWinForms.csproj", "{4FE3CA50-9FC5-43FB-8DB8-01567E28959C}"
EndProject
Global
	GlobalSection(SolutionConfigurationPlatforms) = preSolution
		Debug|Any CPU = Debug|Any CPU
		Release|Any CPU = Release|Any CPU
	EndGlobalSection
	GlobalSection(ProjectConfigurationPlatforms) = postSolution
		{4FE3CA50-9FC5-43FB-8DB8-01567E28959C}.Debug|Any CPU.ActiveCfg = Debug|Any CPU
		{4FE3CA50-9FC5-43FB-8DB8-01567E28959C}.Debug|Any CPU.Build.0 = Debug|Any CPU
		{4FE3CA50-9FC5-43FB-8DB8-01567E28959C}.Release|Any CPU.ActiveCfg = Release|Any CPU
		{4FE3CA50-9FC5-43FB-8DB8-01567E28959C}.Release|Any CPU.Build.0 = Release|Any CPU
	EndGlobalSection
	GlobalSection(SolutionProperties) = preSolution
		HideSolutionNode = FALSE
	EndGlobalSection
	GlobalSection(ExtensibilityGlobals) = postSolution
		SolutionGuid = {C6A3CDDB-C0C3-471C-8A47-456699C4B6A2}
	EndGlobalSection
EndGlobal
